
Microsoft Visual Studio Solution File, Format Version 12.00
# Visual Studio 14
VisualStudioVersion = 14.0.25420.1
MinimumVisualStudioVersion = 10.0.40219.1
Project("{2150E333-8FDC-42A3-9474-1A3956D46DE8}") = "src", "src", "{E1915612-39A4-4A47-A230-61273A6A13AC}"
EndProject
Project("{2150E333-8FDC-42A3-9474-1A3956D46DE8}") = "Solution Items", "Solution Items", "{3C823579-0E2B-4BF2-A2B6-A7519AE9D5C8}"
	ProjectSection(SolutionItems) = preProject
		global.json = global.json
	EndProjectSection
EndProject
Project("{8BB2217D-0F2D-49D1-97BC-3654ED321F3B}") = "FinalHerhalingApi", "src\FinalHerhalingApi\FinalHerhalingApi.xproj", "{D67BB37C-AB68-4FFC-9DE6-5CD65088990F}"
EndProject
Project("{8BB2217D-0F2D-49D1-97BC-3654ED321F3B}") = "ViewModels", "src\ViewModels\ViewModels.xproj", "{DD7FB83B-A75C-4E9C-B50C-429A184A5123}"
EndProject
Global
	GlobalSection(SolutionConfigurationPlatforms) = preSolution
		Debug|Any CPU = Debug|Any CPU
		Release|Any CPU = Release|Any CPU
	EndGlobalSection
	GlobalSection(ProjectConfigurationPlatforms) = postSolution
		{D67BB37C-AB68-4FFC-9DE6-5CD65088990F}.Debug|Any CPU.ActiveCfg = Debug|Any CPU
		{D67BB37C-AB68-4FFC-9DE6-5CD65088990F}.Debug|Any CPU.Build.0 = Debug|Any CPU
		{D67BB37C-AB68-4FFC-9DE6-5CD65088990F}.Release|Any CPU.ActiveCfg = Release|Any CPU
		{D67BB37C-AB68-4FFC-9DE6-5CD65088990F}.Release|Any CPU.Build.0 = Release|Any CPU
		{DD7FB83B-A75C-4E9C-B50C-429A184A5123}.Debug|Any CPU.ActiveCfg = Debug|Any CPU
		{DD7FB83B-A75C-4E9C-B50C-429A184A5123}.Debug|Any CPU.Build.0 = Debug|Any CPU
		{DD7FB83B-A75C-4E9C-B50C-429A184A5123}.Release|Any CPU.ActiveCfg = Release|Any CPU
		{DD7FB83B-A75C-4E9C-B50C-429A184A5123}.Release|Any CPU.Build.0 = Release|Any CPU
	EndGlobalSection
	GlobalSection(SolutionProperties) = preSolution
		HideSolutionNode = FALSE
	EndGlobalSection
	GlobalSection(NestedProjects) = preSolution
		{D67BB37C-AB68-4FFC-9DE6-5CD65088990F} = {E1915612-39A4-4A47-A230-61273A6A13AC}
		{DD7FB83B-A75C-4E9C-B50C-429A184A5123} = {E1915612-39A4-4A47-A230-61273A6A13AC}
	EndGlobalSection
EndGlobal
